// !$*UTF8*$!
{
	archiveVersion = 1;
	classes = {
	};
	objectVersion = 46;
	objects = {

/* Begin PBXBuildFile section */
		FBEDE00219691D6F0083E78B /* AppDelegate.swift in Sources */ = {isa = PBXBuildFile; fileRef = FBEDE00119691D6F0083E78B /* AppDelegate.swift */; };
		FBEDE00419691D6F0083E78B /* ViewController.swift in Sources */ = {isa = PBXBuildFile; fileRef = FBEDE00319691D6F0083E78B /* ViewController.swift */; };
		FBEDE00719691D6F0083E78B /* Main.storyboard in Resources */ = {isa = PBXBuildFile; fileRef = FBEDE00519691D6F0083E78B /* Main.storyboard */; };
		FBEDE00919691D6F0083E78B /* Images.xcassets in Resources */ = {isa = PBXBuildFile; fileRef = FBEDE00819691D6F0083E78B /* Images.xcassets */; };
		FBEDE01519691D6F0083E78B /* SwiftOthelloTests.swift in Sources */ = {isa = PBXBuildFile; fileRef = FBEDE01419691D6F0083E78B /* SwiftOthelloTests.swift */; };
		FBEDE01F19691D930083E78B /* OthelloView.swift in Sources */ = {isa = PBXBuildFile; fileRef = FBEDE01E19691D930083E78B /* OthelloView.swift */; };
/* End PBXBuildFile section */

/* Begin PBXContainerItemProxy section */
		FBEDE00F19691D6F0083E78B /* PBXContainerItemProxy */ = {
			isa = PBXContainerItemProxy;
			containerPortal = FBEDDFF419691D6E0083E78B /* Project object */;
			proxyType = 1;
			remoteGlobalIDString = FBEDDFFB19691D6E0083E78B;
			remoteInfo = SwiftOthello;
		};
/* End PBXContainerItemProxy section */

/* Begin PBXFileReference section */
		FBEDDFFC19691D6E0083E78B /* SwiftOthello.app */ = {isa = PBXFileReference; explicitFileType = wrapper.application; includeInIndex = 0; path = SwiftOthello.app; sourceTree = BUILT_PRODUCTS_DIR; };
		FBEDE00019691D6F0083E78B /* Info.plist */ = {isa = PBXFileReference; lastKnownFileType = text.plist.xml; path = Info.plist; sourceTree = "<group>"; };
		FBEDE00119691D6F0083E78B /* AppDelegate.swift */ = {isa = PBXFileReference; lastKnownFileType = sourcecode.swift; path = AppDelegate.swift; sourceTree = "<group>"; };
		FBEDE00319691D6F0083E78B /* ViewController.swift */ = {isa = PBXFileReference; lastKnownFileType = sourcecode.swift; path = ViewController.swift; sourceTree = "<group>"; };
		FBEDE00619691D6F0083E78B /* Base */ = {isa = PBXFileReference; lastKnownFileType = file.storyboard; name = Base; path = Base.lproj/Main.storyboard; sourceTree = "<group>"; };
		FBEDE00819691D6F0083E78B /* Images.xcassets */ = {isa = PBXFileReference; lastKnownFileType = folder.assetcatalog; path = Images.xcassets; sourceTree = "<group>"; };
		FBEDE00E19691D6F0083E78B /* SwiftOthelloTests.xctest */ = {isa = PBXFileReference; explicitFileType = wrapper.cfbundle; includeInIndex = 0; path = SwiftOthelloTests.xctest; sourceTree = BUILT_PRODUCTS_DIR; };
		FBEDE01319691D6F0083E78B /* Info.plist */ = {isa = PBXFileReference; lastKnownFileType = text.plist.xml; path = Info.plist; sourceTree = "<group>"; };
		FBEDE01419691D6F0083E78B /* SwiftOthelloTests.swift */ = {isa = PBXFileReference; lastKnownFileType = sourcecode.swift; path = SwiftOthelloTests.swift; sourceTree = "<group>"; };
		FBEDE01E19691D930083E78B /* OthelloView.swift */ = {isa = PBXFileReference; fileEncoding = 4; lastKnownFileType = sourcecode.swift; path = OthelloView.swift; sourceTree = "<group>"; };
/* End PBXFileReference section */

/* Begin PBXFrameworksBuildPhase section */
		FBEDDFF919691D6E0083E78B /* Frameworks */ = {
			isa = PBXFrameworksBuildPhase;
			buildActionMask = 2147483647;
			files = (
			);
			runOnlyForDeploymentPostprocessing = 0;
		};
		FBEDE00B19691D6F0083E78B /* Frameworks */ = {
			isa = PBXFrameworksBuildPhase;
			buildActionMask = 2147483647;
			files = (
			);
			runOnlyForDeploymentPostprocessing = 0;
		};
/* End PBXFrameworksBuildPhase section */

/* Begin PBXGroup section */
		FBEDDFF319691D6E0083E78B = {
			isa = PBXGroup;
			children = (
				FBEDDFFE19691D6E0083E78B /* SwiftOthello */,
				FBEDE01119691D6F0083E78B /* SwiftOthelloTests */,
				FBEDDFFD19691D6E0083E78B /* Products */,
			);
			sourceTree = "<group>";
		};
		FBEDDFFD19691D6E0083E78B /* Products */ = {
			isa = PBXGroup;
			children = (
				FBEDDFFC19691D6E0083E78B /* SwiftOthello.app */,
				FBEDE00E19691D6F0083E78B /* SwiftOthelloTests.xctest */,
			);
			name = Products;
			sourceTree = "<group>";
		};
		FBEDDFFE19691D6E0083E78B /* SwiftOthello */ = {
			isa = PBXGroup;
			children = (
				FBEDE00119691D6F0083E78B /* AppDelegate.swift */,
				FBEDE00319691D6F0083E78B /* ViewController.swift */,
				FBEDE00519691D6F0083E78B /* Main.storyboard */,
				FBEDE00819691D6F0083E78B /* Images.xcassets */,
				FBEDDFFF19691D6E0083E78B /* Supporting Files */,
				FBEDE01E19691D930083E78B /* OthelloView.swift */,
			);
			path = SwiftOthello;
			sourceTree = "<group>";
		};
		FBEDDFFF19691D6E0083E78B /* Supporting Files */ = {
			isa = PBXGroup;
			children = (
				FBEDE00019691D6F0083E78B /* Info.plist */,
			);
			name = "Supporting Files";
			sourceTree = "<group>";
		};
		FBEDE01119691D6F0083E78B /* SwiftOthelloTests */ = {
			isa = PBXGroup;
			children = (
				FBEDE01419691D6F0083E78B /* SwiftOthelloTests.swift */,
				FBEDE01219691D6F0083E78B /* Supporting Files */,
			);
			path = SwiftOthelloTests;
			sourceTree = "<group>";
		};
		FBEDE01219691D6F0083E78B /* Supporting Files */ = {
			isa = PBXGroup;
			children = (
				FBEDE01319691D6F0083E78B /* Info.plist */,
			);
			name = "Supporting Files";
			sourceTree = "<group>";
		};
/* End PBXGroup section */

/* Begin PBXNativeTarget section */
		FBEDDFFB19691D6E0083E78B /* SwiftOthello */ = {
			isa = PBXNativeTarget;
			buildConfigurationList = FBEDE01819691D6F0083E78B /* Build configuration list for PBXNativeTarget "SwiftOthello" */;
			buildPhases = (
				FBEDDFF819691D6E0083E78B /* Sources */,
				FBEDDFF919691D6E0083E78B /* Frameworks */,
				FBEDDFFA19691D6E0083E78B /* Resources */,
			);
			buildRules = (
			);
			dependencies = (
			);
			name = SwiftOthello;
			productName = SwiftOthello;
			productReference = FBEDDFFC19691D6E0083E78B /* SwiftOthello.app */;
			productType = "com.apple.product-type.application";
		};
		FBEDE00D19691D6F0083E78B /* SwiftOthelloTests */ = {
			isa = PBXNativeTarget;
			buildConfigurationList = FBEDE01B19691D6F0083E78B /* Build configuration list for PBXNativeTarget "SwiftOthelloTests" */;
			buildPhases = (
				FBEDE00A19691D6F0083E78B /* Sources */,
				FBEDE00B19691D6F0083E78B /* Frameworks */,
				FBEDE00C19691D6F0083E78B /* Resources */,
			);
			buildRules = (
			);
			dependencies = (
				FBEDE01019691D6F0083E78B /* PBXTargetDependency */,
			);
			name = SwiftOthelloTests;
			productName = SwiftOthelloTests;
			productReference = FBEDE00E19691D6F0083E78B /* SwiftOthelloTests.xctest */;
			productType = "com.apple.product-type.bundle.unit-test";
		};
/* End PBXNativeTarget section */

/* Begin PBXProject section */
		FBEDDFF419691D6E0083E78B /* Project object */ = {
			isa = PBXProject;
			attributes = {
				LastUpgradeCheck = 0600;
				ORGANIZATIONNAME = muratamuu;
				TargetAttributes = {
					FBEDDFFB19691D6E0083E78B = {
						CreatedOnToolsVersion = 6.0;
					};
					FBEDE00D19691D6F0083E78B = {
						CreatedOnToolsVersion = 6.0;
						TestTargetID = FBEDDFFB19691D6E0083E78B;
					};
				};
			};
			buildConfigurationList = FBEDDFF719691D6E0083E78B /* Build configuration list for PBXProject "SwiftOthello" */;
			compatibilityVersion = "Xcode 3.2";
			developmentRegion = English;
			hasScannedForEncodings = 0;
			knownRegions = (
				en,
				Base,
			);
			mainGroup = FBEDDFF319691D6E0083E78B;
			productRefGroup = FBEDDFFD19691D6E0083E78B /* Products */;
			projectDirPath = "";
			projectRoot = "";
			targets = (
				FBEDDFFB19691D6E0083E78B /* SwiftOthello */,
				FBEDE00D19691D6F0083E78B /* SwiftOthelloTests */,
			);
		};
/* End PBXProject section */

/* Begin PBXResourcesBuildPhase section */
		FBEDDFFA19691D6E0083E78B /* Resources */ = {
			isa = PBXResourcesBuildPhase;
			buildActionMask = 2147483647;
			files = (
				FBEDE00719691D6F0083E78B /* Main.storyboard in Resources */,
				FBEDE00919691D6F0083E78B /* Images.xcassets in Resources */,
			);
			runOnlyForDeploymentPostprocessing = 0;
		};
		FBEDE00C19691D6F0083E78B /* Resources */ = {
			isa = PBXResourcesBuildPhase;
			buildActionMask = 2147483647;
			files = (
			);
			runOnlyForDeploymentPostprocessing = 0;
		};
/* End PBXResourcesBuildPhase section */

/* Begin PBXSourcesBuildPhase section */
		FBEDDFF819691D6E0083E78B /* Sources */ = {
			isa = PBXSourcesBuildPhase;
			buildActionMask = 2147483647;
			files = (
				FBEDE00419691D6F0083E78B /* ViewController.swift in Sources */,
				FBEDE00219691D6F0083E78B /* AppDelegate.swift in Sources */,
				FBEDE01F19691D930083E78B /* OthelloView.swift in Sources */,
			);
			runOnlyForDeploymentPostprocessing = 0;
		};
		FBEDE00A19691D6F0083E78B /* Sources */ = {
			isa = PBXSourcesBuildPhase;
			buildActionMask = 2147483647;
			files = (
				FBEDE01519691D6F0083E78B /* SwiftOthelloTests.swift in Sources */,
			);
			runOnlyForDeploymentPostprocessing = 0;
		};
/* End PBXSourcesBuildPhase section */

/* Begin PBXTargetDependency section */
		FBEDE01019691D6F0083E78B /* PBXTargetDependency */ = {
			isa = PBXTargetDependency;
			target = FBEDDFFB19691D6E0083E78B /* SwiftOthello */;
			targetProxy = FBEDE00F19691D6F0083E78B /* PBXContainerItemProxy */;
		};
/* End PBXTargetDependency section */

/* Begin PBXVariantGroup section */
		FBEDE00519691D6F0083E78B /* Main.storyboard */ = {
			isa = PBXVariantGroup;
			children = (
				FBEDE00619691D6F0083E78B /* Base */,
			);
			name = Main.storyboard;
			sourceTree = "<group>";
		};
/* End PBXVariantGroup section */

/* Begin XCBuildConfiguration section */
		FBEDE01619691D6F0083E78B /* Debug */ = {
			isa = XCBuildConfiguration;
			buildSettings = {
				ALWAYS_SEARCH_USER_PATHS = NO;
				CLANG_CXX_LANGUAGE_STANDARD = "gnu++0x";
				CLANG_CXX_LIBRARY = "libc++";
				CLANG_ENABLE_MODULES = YES;
				CLANG_ENABLE_OBJC_ARC = YES;
				CLANG_WARN_BOOL_CONVERSION = YES;
				CLANG_WARN_CONSTANT_CONVERSION = YES;
				CLANG_WARN_DIRECT_OBJC_ISA_USAGE = YES_ERROR;
				CLANG_WARN_EMPTY_BODY = YES;
				CLANG_WARN_ENUM_CONVERSION = YES;
				CLANG_WARN_INT_CONVERSION = YES;
				CLANG_WARN_OBJC_ROOT_CLASS = YES_ERROR;
				CLANG_WARN_UNREACHABLE_CODE = YES;
				CLANG_WARN__DUPLICATE_METHOD_MATCH = YES;
				"CODE_SIGN_IDENTITY[sdk=iphoneos*]" = "iPhone Developer";
				COPY_PHASE_STRIP = NO;
				ENABLE_STRICT_OBJC_MSGSEND = YES;
				GCC_C_LANGUAGE_STANDARD = gnu99;
				GCC_DYNAMIC_NO_PIC = NO;
				GCC_OPTIMIZATION_LEVEL = 0;
				GCC_PREPROCESSOR_DEFINITIONS = (
					"DEBUG=1",
					"$(inherited)",
				);
				GCC_SYMBOLS_PRIVATE_EXTERN = NO;
				GCC_WARN_64_TO_32_BIT_CONVERSION = YES;
				GCC_WARN_ABOUT_RETURN_TYPE = YES_ERROR;
				GCC_WARN_UNDECLARED_SELECTOR = YES;
				GCC_WARN_UNINITIALIZED_AUTOS = YES_AGGRESSIVE;
				GCC_WARN_UNUSED_FUNCTION = YES;
				GCC_WARN_UNUSED_VARIABLE = YES;
				IPHONEOS_DEPLOYMENT_TARGET = 8.0;
				METAL_ENABLE_DEBUG_INFO = YES;
				ONLY_ACTIVE_ARCH = YES;
				SDKROOT = iphoneos;
				SWIFT_OPTIMIZATION_LEVEL = "-Onone";
			};
			name = Debug;
		};
		FBEDE01719691D6F0083E78B /* Release */ = {
			isa = XCBuildConfiguration;
			buildSettings = {
				ALWAYS_SEARCH_USER_PATHS = NO;
				CLANG_CXX_LANGUAGE_STANDARD = "gnu++0x";
				CLANG_CXX_LIBRARY = "libc++";
				CLANG_ENABLE_MODULES = YES;
				CLANG_ENABLE_OBJC_ARC = YES;
				CLANG_WARN_BOOL_CONVERSION = YES;
				CLANG_WARN_CONSTANT_CONVERSION = YES;
				CLANG_WARN_DIRECT_OBJC_ISA_USAGE = YES_ERROR;
				CLANG_WARN_EMPTY_BODY = YES;
				CLANG_WARN_ENUM_CONVERSION = YES;
				CLANG_WARN_INT_CONVERSION = YES;
				CLANG_WARN_OBJC_ROOT_CLASS = YES_ERROR;
				CLANG_WARN_UNREACHABLE_CODE = YES;
				CLANG_WARN__DUPLICATE_METHOD_MATCH = YES;
				"CODE_SIGN_IDENTITY[sdk=iphoneos*]" = "iPhone Developer";
				COPY_PHASE_STRIP = YES;
				ENABLE_NS_ASSERTIONS = NO;
				ENABLE_STRICT_OBJC_MSGSEND = YES;
				GCC_C_LANGUAGE_STANDARD = gnu99;
				GCC_WARN_64_TO_32_BIT_CONVERSION = YES;
				GCC_WARN_ABOUT_RETURN_TYPE = YES_ERROR;
				GCC_WARN_UNDECLARED_SELECTOR = YES;
				GCC_WARN_UNINITIALIZED_AUTOS = YES_AGGRESSIVE;
				GCC_WARN_UNUSED_FUNCTION = YES;
				GCC_WARN_UNUSED_VARIABLE = YES;
				IPHONEOS_DEPLOYMENT_TARGET = 8.0;
				METAL_ENABLE_DEBUG_INFO = NO;
				SDKROOT = iphoneos;
				VALIDATE_PRODUCT = YES;
			};
			name = Release;
		};
		FBEDE01919691D6F0083E78B /* Debug */ = {
			isa = XCBuildConfiguration;
			buildSettings = {
				ASSETCATALOG_COMPILER_APPICON_NAME = AppIcon;
				ASSETCATALOG_COMPILER_LAUNCHIMAGE_NAME = LaunchImage;
				INFOPLIST_FILE = SwiftOthello/Info.plist;
				LD_RUNPATH_SEARCH_PATHS = "$(inherited) @executable_path/Frameworks";
				PRODUCT_NAME = "$(TARGET_NAME)";
			};
			name = Debug;
		};
		FBEDE01A19691D6F0083E78B /* Release */ = {
			isa = XCBuildConfiguration;
			buildSettings = {
				ASSETCATALOG_COMPILER_APPICON_NAME = AppIcon;
				ASSETCATALOG_COMPILER_LAUNCHIMAGE_NAME = LaunchImage;
				INFOPLIST_FILE = SwiftOthello/Info.plist;
				LD_RUNPATH_SEARCH_PATHS = "$(inherited) @executable_path/Frameworks";
				PRODUCT_NAME = "$(TARGET_NAME)";
			};
			name = Release;
		};
		FBEDE01C19691D6F0083E78B /* Debug */ = {
			isa = XCBuildConfiguration;
			buildSettings = {
				BUNDLE_LOADER = "$(BUILT_PRODUCTS_DIR)/SwiftOthello.app/SwiftOthello";
				FRAMEWORK_SEARCH_PATHS = (
					"$(SDKROOT)/Developer/Library/Frameworks",
					"$(inherited)",
				);
				GCC_PREPROCESSOR_DEFINITIONS = (
					"DEBUG=1",
					"$(inherited)",
				);
				INFOPLIST_FILE = SwiftOthelloTests/Info.plist;
				LD_RUNPATH_SEARCH_PATHS = "$(inherited) @executable_path/Frameworks @loader_path/Frameworks";
				METAL_ENABLE_DEBUG_INFO = YES;
				PRODUCT_NAME = "$(TARGET_NAME)";
				TEST_HOST = "$(BUNDLE_LOADER)";
			};
			name = Debug;
		};
		FBEDE01D19691D6F0083E78B /* Release */ = {
			isa = XCBuildConfiguration;
			buildSettings = {
				BUNDLE_LOADER = "$(BUILT_PRODUCTS_DIR)/SwiftOthello.app/SwiftOthello";
				FRAMEWORK_SEARCH_PATHS = (
					"$(SDKROOT)/Developer/Library/Frameworks",
					"$(inherited)",
				);
				INFOPLIST_FILE = SwiftOthelloTests/Info.plist;
				LD_RUNPATH_SEARCH_PATHS = "$(inherited) @executable_path/Frameworks @loader_path/Frameworks";
				METAL_ENABLE_DEBUG_INFO = NO;
				PRODUCT_NAME = "$(TARGET_NAME)";
				TEST_HOST = "$(BUNDLE_LOADER)";
			};
			name = Release;
		};
/* End XCBuildConfiguration section */

/* Begin XCConfigurationList section */
		FBEDDFF719691D6E0083E78B /* Build configuration list for PBXProject "SwiftOthello" */ = {
			isa = XCConfigurationList;
			buildConfigurations = (
				FBEDE01619691D6F0083E78B /* Debug */,
				FBEDE01719691D6F0083E78B /* Release */,
			);
			defaultConfigurationIsVisible = 0;
			defaultConfigurationName = Release;
		};
		FBEDE01819691D6F0083E78B /* Build configuration list for PBXNativeTarget "SwiftOthello" */ = {
			isa = XCConfigurationList;
			buildConfigurations = (
				FBEDE01919691D6F0083E78B /* Debug */,
				FBEDE01A19691D6F0083E78B /* Release */,
			);
			defaultConfigurationIsVisible = 0;
		};
		FBEDE01B19691D6F0083E78B /* Build configuration list for PBXNativeTarget "SwiftOthelloTests" */ = {
			isa = XCConfigurationList;
			buildConfigurations = (
				FBEDE01C19691D6F0083E78B /* Debug */,
				FBEDE01D19691D6F0083E78B /* Release */,
			);
			defaultConfigurationIsVisible = 0;
		};
/* End XCConfigurationList section */
	};
	rootObject = FBEDDFF419691D6E0083E78B /* Project object */;
}
